# This file is generated by running "yarn install" inside your project.
# Manual changes might be lost - proceed with caution!

__metadata:
  version: 3

"yarn-plugin-deduplicate@workspace:.":
  version: 0.0.0-use.local
  resolution: "yarn-plugin-deduplicate@workspace:."
  languageName: unknown
  linkType: soft
