# This file is generated by running "yarn install" inside your project.
# Manual changes might be lost - proceed with caution!

__metadata:
  version: 4

"@babel/runtime@npm:^7.5.0":
  version: 7.5.0
  resolution: "@babel/runtime@npm:7.5.0"
  dependencies:
    regenerator-runtime: ^0.13.2
  checksum: 2/f726c04816b68bfc6be43b4dba662559f84cf56b8bd4f5efb5a6868a913d073c41d68f03043fa280d3ea3e14ecd339511992cbcc56f3ca48621978a915a0d8df
  languageName: node
  linkType: hard

"@babel/runtime@npm:^7.5.5":
  version: 7.6.0
  resolution: "@babel/runtime@npm:7.6.0"
  dependencies:
    regenerator-runtime: ^0.13.2
  checksum: 2/a24813fb9936561455ebb3ec35cfb1c70a8de982ca78e9286ea7cf824208e8f09a019923a304076623714b35be8fb9bfce779a511f7b5d12f158518d5f4a3aa6
  languageName: node
  linkType: hard

"@jest/types@npm:^24.9.0":
  version: 24.9.0
  resolution: "@jest/types@npm:24.9.0"
  dependencies:
    "@types/istanbul-lib-coverage": ^2.0.0
    "@types/istanbul-reports": ^1.1.1
    "@types/yargs": ^13.0.0
  checksum: 2/7cd388ad9d3a6de7e0ca29cbaf34dd9da9f6485d26747fc2ef6732bf06dc98d79519b7f3684b7287bd6d5168c394d8f806dc1343bd3c1b3cdc3e85486a518c63
  languageName: node
  linkType: hard

"@sheerun/mutationobserver-shim@npm:^0.3.2":
  version: 0.3.2
  resolution: "@sheerun/mutationobserver-shim@npm:0.3.2"
  checksum: 2/e8d59bf5165cb34156ff03842076a5eabc27852d905dab7137ff28ae23b25bba66b8b6c8207af657379e416ee66e1129905353bc1428d0d8549cb488519e2885
  languageName: node
  linkType: hard

"@testing-library/dom@npm:^6.2.0":
  version: 6.2.0
  resolution: "@testing-library/dom@npm:6.2.0"
  dependencies:
    "@babel/runtime": ^7.5.5
    "@sheerun/mutationobserver-shim": ^0.3.2
    "@types/testing-library__dom": ^6.0.0
    aria-query: 3.0.0
    pretty-format: ^24.8.0
    wait-for-expect: ^1.3.0
  checksum: 2/ed2928fda90e07f75007f186bc14897380e33e3ae1e90a292a5984fd8e8a866d95dccfd68bc7936a280034273d0618f41d2ff5e0d844611dcfb6813edc17c3ff
  languageName: node
  linkType: hard

"@types/istanbul-lib-coverage@npm:*, @types/istanbul-lib-coverage@npm:^2.0.0":
  version: 2.0.1
  resolution: "@types/istanbul-lib-coverage@npm:2.0.1"
  checksum: 2/9779f90523cd4d0bab0e9a95a43ff152b5a8109504fcd540835114a0201da3522de75e508fc6d1c473490a52a20a708efc1bbb2974e50bbdfbb89789b0dff182
  languageName: node
  linkType: hard

"@types/istanbul-lib-report@npm:*":
  version: 1.1.1
  resolution: "@types/istanbul-lib-report@npm:1.1.1"
  dependencies:
    "@types/istanbul-lib-coverage": "*"
  checksum: 2/0aaec460503d10df1445b875fd445c814d635ddc47ea145ed4bdaa5eb13f4360478829ea64f54f7fc30e2a6fec537fa0abde5d2503c9bbf37384d73863b0b980
  languageName: node
  linkType: hard

"@types/istanbul-reports@npm:^1.1.1":
  version: 1.1.1
  resolution: "@types/istanbul-reports@npm:1.1.1"
  dependencies:
    "@types/istanbul-lib-coverage": "*"
    "@types/istanbul-lib-report": "*"
  checksum: 2/30445a3b32a8fae4623b5798c17f1e675e58e0deb01b66557c4a15a0f7e25e06039f37287bb3b36ed7c33c4d4f025322315fbb1f6fbf3907c677a7f69841f143
  languageName: node
  linkType: hard

"@types/testing-library__dom@npm:^6.0.0":
  version: 6.0.3
  resolution: "@types/testing-library__dom@npm:6.0.3"
  dependencies:
    pretty-format: ^24.3.0
  checksum: 2/a8443035976a2b3fcfdcb519b377a48dc4175cb7898eb17b27031e4e2a4d321fda76a32da6cd3bd2a7751cf62aced6cd6bb1308eb973a54ea629bb704f7fec1d
  languageName: node
  linkType: hard

"@types/yargs-parser@npm:*":
  version: 13.1.0
  resolution: "@types/yargs-parser@npm:13.1.0"
  checksum: 2/bfd1e89d3da69003e13ecc9229d813dfddbf60408b72a7f0e7f27c0a8c1d71ba93adbcd29a257e845e60f6a04fdf0726e9c3c443038253ce2e666d5200ae6740
  languageName: node
  linkType: hard

"@types/yargs@npm:^13.0.0":
  version: 13.0.2
  resolution: "@types/yargs@npm:13.0.2"
  dependencies:
    "@types/yargs-parser": "*"
  checksum: 2/552b47b573c30e23e3a8a3ff419e622bec0f12c0c11f53aa2321524b7e949c27d37538c2bd061f6c950bfaea792f4e9d14a023ff6d9a75831537b073bb9f8852
  languageName: node
  linkType: hard

"ansi-regex@npm:^4.0.0":
  version: 4.1.0
  resolution: "ansi-regex@npm:4.1.0"
  checksum: 2/53b6fe447cf92ee59739379de637af6f86b3b8a9537fbfe36a66f946f1d9d34afc3efe664ac31bcc7c3af042d43eabcfcfd3f790316d474bbc7b19a4b1d132dd
  languageName: node
  linkType: hard

"ansi-styles@npm:^3.2.0":
  version: 3.2.1
  resolution: "ansi-styles@npm:3.2.1"
  dependencies:
    color-convert: ^1.9.0
  checksum: 2/456e1c23d9277512a47718da75e7fbb0a5ee215ef893c2f76d6b3efe8fceabc861121b80b0362146f5f995d21a1633f05a19bbf6283ae66ac11dc3b9c0bed779
  languageName: node
  linkType: hard

"aria-query@npm:3.0.0":
  version: 3.0.0
  resolution: "aria-query@npm:3.0.0"
  dependencies:
    ast-types-flow: 0.0.7
    commander: ^2.11.0
  checksum: 2/4603ead43ae64ef3920268b42c612adfc977941f72de1c1b1fcee99041388f7d6dd7cd4fb51957bc160f574b6c4748f478d9f366922bac77eb8e43f4002311bc
  languageName: node
  linkType: hard

"ast-types-flow@npm:0.0.7":
  version: 0.0.7
  resolution: "ast-types-flow@npm:0.0.7"
  checksum: 2/4211a734ae7823e8ed55f68bd2cee5027a59ae3cbc8152f36485059859c5ef29560b0091fafdf40419ee42c433fe255c24ce54297e5cd299f8ded1a8eab7729c
  languageName: node
  linkType: hard

"before@workspace:.":
  version: 0.0.0-use.local
  resolution: "before@workspace:."
  dependencies:
    "@babel/runtime": ^7.5.0
    "@testing-library/dom": ^6.2.0
  languageName: unknown
  linkType: soft

"color-convert@npm:^1.9.0":
  version: 1.9.3
  resolution: "color-convert@npm:1.9.3"
  dependencies:
    color-name: 1.1.3
  checksum: 2/5f244daa3d1fe1f216d48878c550465067d15268688308554e613b7640a068f96588096d51f0b98b68f15d6ff6bb8ad24e172582ac8c0ad43fa4d3da60fd1b79
  languageName: node
  linkType: hard

"color-name@npm:1.1.3":
  version: 1.1.3
  resolution: "color-name@npm:1.1.3"
  checksum: 2/d8b91bb90aefc05b6ff568cf8889566dcc6269824df6f3c9b8ca842b18d7f4d089c07dc166808d33f22092d4a79167aa56a96a5ff0d21efab548bf44614db43b
  languageName: node
  linkType: hard

"commander@npm:^2.11.0":
  version: 2.20.0
  resolution: "commander@npm:2.20.0"
  checksum: 2/f58e7e2a010da2702eabcb8772c6fa45c9dd2df3bbff2cd0598d7f444427aa89f71420e5bfbabface21c6e94abd39c4e013772f5ce6a59b40418818e45aa56da
  languageName: node
  linkType: hard

"pretty-format@npm:^24.3.0, pretty-format@npm:^24.8.0":
  version: 24.9.0
  resolution: "pretty-format@npm:24.9.0"
  dependencies:
    "@jest/types": ^24.9.0
    ansi-regex: ^4.0.0
    ansi-styles: ^3.2.0
    react-is: ^16.8.4
  checksum: 2/a61c5c21a638239ebdc9bfe259746dc1aca29555f8da997318031ebee3ea36662f60f329132365c0cace2a0d122a1f7f9550261b3f04aaa18029d16efc5b45fe
  languageName: node
  linkType: hard

"react-is@npm:^16.8.4":
  version: 16.9.0
  resolution: "react-is@npm:16.9.0"
  checksum: 2/f66b74645235c5349bcbea90397de1ea31e9ef1a7682fd2127d700da5d4239d8ca029cd2806cf990c2d299702c7c6bd8dc3d0708e5328f183828d8104c46df05
  languageName: node
  linkType: hard

"regenerator-runtime@npm:^0.13.2":
  version: 0.13.3
  resolution: "regenerator-runtime@npm:0.13.3"
  checksum: 2/fc026f997801876927d8b11bd94b1d445c01fb1b112dcc35b1c4e83490b87954d26d8164c50098cdebaa8edc3cbfaa0e474758a57e28efc25930972148274b7a
  languageName: node
  linkType: hard

"wait-for-expect@npm:^1.3.0":
  version: 1.3.0
  resolution: "wait-for-expect@npm:1.3.0"
  checksum: 2/7a222528c565eac826415ecabdc26976f17f5c072c5e3e9d86e0da56ca011659d05901e822355757c4b83b3a5279f7260d569b665da7c135bffe892aeaffecc2
  languageName: node
  linkType: hard
