# This file is generated by running "yarn install" inside your project.
# Manual changes might be lost - proceed with caution!

__metadata:
  version: 3

"@babel/runtime@npm:^7.5.0":
  version: 7.5.0
  resolution: "@babel/runtime@npm:7.5.0"
  dependencies:
    regenerator-runtime: "npm:^0.13.2"
  checksum: c853ae00d007fc1f5bb0cf1de80abebf0cade41b1eff8e81641b5f145493c986b4e31d6f7c3485c4cb890212373d7145481e033a0aad406e09027cc6df3075f9
  languageName: node
  linkType: hard

"@babel/runtime@npm:^7.5.5":
  version: 7.6.0
  resolution: "@babel/runtime@npm:7.6.0"
  dependencies:
    regenerator-runtime: "npm:^0.13.2"
  checksum: 07458335accb319826e0d02a8ad29ff47e8bf7c3b5c2831720b1f9dacc6f1b81026805a3166f2fc1e91e33f9e642fbf040605e0f68c4765d8afe30601ffb2209
  languageName: node
  linkType: hard

"@jest/types@npm:^24.9.0":
  version: 24.9.0
  resolution: "@jest/types@npm:24.9.0"
  dependencies:
    "@types/istanbul-lib-coverage": "npm:^2.0.0"
    "@types/istanbul-reports": "npm:^1.1.1"
    "@types/yargs": "npm:^13.0.0"
  checksum: 0b5a84e6b14379839a7dd84402d07c91bf4f1b749c607db1e855cc8071cc144249d4994b32de49fc995f77fc704f872bbd0574d6764be3ce58ddefed4685110e
  languageName: node
  linkType: hard

"@sheerun/mutationobserver-shim@npm:^0.3.2":
  version: 0.3.2
  resolution: "@sheerun/mutationobserver-shim@npm:0.3.2"
  checksum: 9182a5f150651df738d0d4827197c8b613c05c669dbeca596e12d66276f24d0da78b46276b0bc11da20068206458dd8855d0a3f0f3be098fee1a101d49c79cea
  languageName: node
  linkType: hard

"@testing-library/dom@npm:^6.2.0":
  version: 6.2.0
  resolution: "@testing-library/dom@npm:6.2.0"
  dependencies:
    "@babel/runtime": "npm:^7.5.5"
    "@sheerun/mutationobserver-shim": "npm:^0.3.2"
    "@types/testing-library__dom": "npm:^6.0.0"
    aria-query: "npm:3.0.0"
    pretty-format: "npm:^24.8.0"
    wait-for-expect: "npm:^1.3.0"
  checksum: f015465879bc8dbe1b8307afc6bde7740748e2e8669cb20d123ff189e3b4421f1efce6b3f36825306e16a8a6696e4419d058773c18a574e3ca65f82bfe9aeb25
  languageName: node
  linkType: hard

"@types/istanbul-lib-coverage@npm:*, @types/istanbul-lib-coverage@npm:^2.0.0":
  version: 2.0.1
  resolution: "@types/istanbul-lib-coverage@npm:2.0.1"
  checksum: 99c08aea4b3e87b8dfed8bd50ea5c2b793909cb302623b666390276adf42d22bcfbaec7661390608a6d10627feec6df89d4f5983b4fb2fb76c4cf1146b5773cc
  languageName: node
  linkType: hard

"@types/istanbul-lib-report@npm:*":
  version: 1.1.1
  resolution: "@types/istanbul-lib-report@npm:1.1.1"
  dependencies:
    "@types/istanbul-lib-coverage": "npm:*"
  checksum: d18c57754f04299edc116fd8a8a244c3156e328497808c3735f575c60c42e279e67399c5f0f2bf1af91e26fa4adee68a6731c13cd2174fc22c73a0434a6003ad
  languageName: node
  linkType: hard

"@types/istanbul-reports@npm:^1.1.1":
  version: 1.1.1
  resolution: "@types/istanbul-reports@npm:1.1.1"
  dependencies:
    "@types/istanbul-lib-coverage": "npm:*"
    "@types/istanbul-lib-report": "npm:*"
  checksum: b9f1e06962919dd732f195d24f5801baf0115e226d687efd4de9df735654769329cac3f191e08bbdb46aa85c096699abcff27ae59fee731fdd89a3b8827cda69
  languageName: node
  linkType: hard

"@types/testing-library__dom@npm:^6.0.0":
  version: 6.0.3
  resolution: "@types/testing-library__dom@npm:6.0.3"
  dependencies:
    pretty-format: "npm:^24.3.0"
  checksum: 7747e48040ac7cd97b5c2e6b9df22452e68bd543e818956f82d956329384ca8b5aa888c9b7fe6760f0ecd10e7fa49c1d68ee3e98442c92a52a6e9ee5d5a44d20
  languageName: node
  linkType: hard

"@types/yargs-parser@npm:*":
  version: 13.1.0
  resolution: "@types/yargs-parser@npm:13.1.0"
  checksum: 8ca046eb3df9dd64f94a053879e97bfee6860fff161a833d9fd24bad3d18465565cbf85ff875c1dac8e0119010dbe1c7384a7bd24b916f55fc572217b5d9eeb5
  languageName: node
  linkType: hard

"@types/yargs@npm:^13.0.0":
  version: 13.0.2
  resolution: "@types/yargs@npm:13.0.2"
  dependencies:
    "@types/yargs-parser": "npm:*"
  checksum: 9bd7929698860ae9dbed6344d6d9cfee1bf74801e8e08c679c6b48e15c22076b8053ec12f659ee6fb20a1d8c3efc2cd9b0e7db8e2c5e837368cf37488add7dfa
  languageName: node
  linkType: hard

"ansi-regex@npm:^4.0.0":
  version: 4.1.0
  resolution: "ansi-regex@npm:4.1.0"
  checksum: 81d6694a109fc59673447e2e5c8f2866fc2d9bba73901a53542663f6b085ab05726a831ea0f1a6c66496c7c4fb3b3c9bebef12d73e08601aad3d80bd60c4d2f0
  languageName: node
  linkType: hard

"ansi-styles@npm:^3.2.0":
  version: 3.2.1
  resolution: "ansi-styles@npm:3.2.1"
  dependencies:
    color-convert: "npm:^1.9.0"
  checksum: 65a184d2f064b01477b0e3259a79f4935d00089a836c387dfcb8f1ecc77769eaff8af9a46a5501a50efa4672a0625192f390135bd444906234029dd9656a4513
  languageName: node
  linkType: hard

"aria-query@npm:3.0.0":
  version: 3.0.0
  resolution: "aria-query@npm:3.0.0"
  dependencies:
    ast-types-flow: "npm:0.0.7"
    commander: "npm:^2.11.0"
  checksum: ace53720d34010e978da8b9ce71981695c927abef1ead69af2f50cd4d9dad7e8aef57e3bcb1311c4d1183b1344b6d1a6250f021f1c92bcd68efd233ece420e32
  languageName: node
  linkType: hard

"ast-types-flow@npm:0.0.7":
  version: 0.0.7
  resolution: "ast-types-flow@npm:0.0.7"
  checksum: d232d1fa392bda77ac9b9ceed0b6c82980940abd1365bbfd62039d7811cbd1aff46a05db70b024e6b6b2777e4760ec55faa53a1be4186e6eafee9f71336f773a
  languageName: node
  linkType: hard

"before@workspace:.":
  version: 0.0.0-use.local
  resolution: "before@workspace:."
  dependencies:
    "@babel/runtime": "npm:^7.5.0"
    "@testing-library/dom": "npm:^6.2.0"
  languageName: unknown
  linkType: soft

"color-convert@npm:^1.9.0":
  version: 1.9.3
  resolution: "color-convert@npm:1.9.3"
  dependencies:
    color-name: "npm:1.1.3"
  checksum: 1fb8e3e23c865f4855149810c6d9de47b9192a6bc931cf79f265393439339f839d8e071c2d3abb23589a4cb5085887c60db7361f8baf94f0e67a398d6d35b5f9
  languageName: node
  linkType: hard

"color-name@npm:1.1.3":
  version: 1.1.3
  resolution: "color-name@npm:1.1.3"
  checksum: 426016d44ca83eb843fd2f9019133ea9b47822bba83cef31ca5115675749ad4555801a2070c1bf562b3eb2b4f52a9b1ed6bd605dec7675716a4408c93132c192
  languageName: node
  linkType: hard

"commander@npm:^2.11.0":
  version: 2.20.0
  resolution: "commander@npm:2.20.0"
  checksum: 4904efd99bd5abd669c7679cbb9bcf1d9e28b1a9a6a89d7b11565f5e4d5175864ca79edc73c3509a32bcad23b3e484e41f1707007dec3e303dc1b2cf9f4997bf
  languageName: node
  linkType: hard

"pretty-format@npm:^24.3.0, pretty-format@npm:^24.8.0":
  version: 24.9.0
  resolution: "pretty-format@npm:24.9.0"
  dependencies:
    "@jest/types": "npm:^24.9.0"
    ansi-regex: "npm:^4.0.0"
    ansi-styles: "npm:^3.2.0"
    react-is: "npm:^16.8.4"
  checksum: 56a30ba4ec100daeff00023b2f79b83581a92cba7db427f1d31822f006fbab91b05cb3de84c2d3f54ebec0c4907a298794ec53675c103cc8d4d3e53b0e14fdb2
  languageName: node
  linkType: hard

"react-is@npm:^16.8.4":
  version: 16.9.0
  resolution: "react-is@npm:16.9.0"
  checksum: 8446cd970ba6787e140c7dcc1cc1f2adf0154d72ed4139e0697bc2c3da18cadc9ae8162c2e6352b6dd41c2bf95e1d57da3a62b8c706dac775cd6f421de426150
  languageName: node
  linkType: hard

"regenerator-runtime@npm:^0.13.2":
  version: 0.13.3
  resolution: "regenerator-runtime@npm:0.13.3"
  checksum: bac6a839a5baf2b3f486bb14dce8c5f4f3073dafc522712c9d1be2b7e3770a16c4034d2f64fcfaadb1ccd6047848470d897b949a1313f21c69ef1497d71c0135
  languageName: node
  linkType: hard

"wait-for-expect@npm:^1.3.0":
  version: 1.3.0
  resolution: "wait-for-expect@npm:1.3.0"
  checksum: 05d39ce0438725f163920b406a17a2c46390783d1117f3e88fdcde33a42b49f2af3ec741a238b9b69910753f52a6bb4f68f8072926af6eab82aac139aac12631
  languageName: node
  linkType: hard
